# THIS IS AN AUTOGENERATED FILE. DO NOT EDIT THIS FILE DIRECTLY.
# yarn lockfile v1


"@tonaljs/abc-notation@^4.6.2":
  version "4.6.2"
  resolved "https://martifactory.io/api/npm/virtual-npm/@tonaljs/abc-notation/-/abc-notation-4.6.2.tgz#63c976b25e1c70f04b615a1ac766d65289643a59"
  integrity sha1-Y8l2sl4ccPBLYVoax2bWUolkOlk=
  dependencies:
    "@tonaljs/core" "^4.6.2"

"@tonaljs/array@^4.6.2":
  version "4.6.2"
  resolved "https://martifactory.io/api/npm/virtual-npm/@tonaljs/array/-/array-4.6.2.tgz#0eb982089c6a851124e6508c5698e0a3d6849c22"
  integrity sha1-DrmCCJxqhREk5lCMVpjgo9aEnCI=
  dependencies:
    "@tonaljs/core" "^4.6.2"

"@tonaljs/chord-detect@^4.6.2":
  version "4.6.2"
  resolved "https://martifactory.io/api/npm/virtual-npm/@tonaljs/chord-detect/-/chord-detect-4.6.2.tgz#e81a558a7a1e0240f6005c0d508018e335395f3c"
  integrity sha1-6BpVinoeAkD2AFwNUIAY4zU5Xzw=
  dependencies:
    "@tonaljs/chord-type" "^4.6.2"
    "@tonaljs/core" "^4.6.2"
    "@tonaljs/pcset" "^4.6.2"

"@tonaljs/chord-type@^4.6.2":
  version "4.6.2"
  resolved "https://martifactory.io/api/npm/virtual-npm/@tonaljs/chord-type/-/chord-type-4.6.2.tgz#fe54360905e34cd310b9c562aa26532da0a5843b"
  integrity sha1-/lQ2CQXjTNMQucViqiZTLaClhDs=
  dependencies:
    "@tonaljs/core" "^4.6.2"
    "@tonaljs/pcset" "^4.6.2"

"@tonaljs/chord@^4.6.2":
  version "4.6.2"
  resolved "https://martifactory.io/api/npm/virtual-npm/@tonaljs/chord/-/chord-4.6.2.tgz#54f125708ed8e3bac759700a4c2bb92e1cfcb96d"
  integrity sha1-VPElcI7Y47rHWXAKTCu5Lhz8uW0=
  dependencies:
    "@tonaljs/chord-detect" "^4.6.2"
    "@tonaljs/chord-type" "^4.6.2"
    "@tonaljs/collection" "^4.6.2"
    "@tonaljs/core" "^4.6.2"
    "@tonaljs/pcset" "^4.6.2"
    "@tonaljs/scale-type" "^4.6.2"

"@tonaljs/collection@^4.6.2":
  version "4.6.2"
  resolved "https://martifactory.io/api/npm/virtual-npm/@tonaljs/collection/-/collection-4.6.2.tgz#ba055fd0731c3d95ca5737d4e0a37288ee22ce73"
  integrity sha1-ugVf0HMcPZXKVzfU4KNyiO4iznM=

"@tonaljs/core@^4.6.2":
  version "4.6.2"
  resolved "https://martifactory.io/api/npm/virtual-npm/@tonaljs/core/-/core-4.6.2.tgz#f3dbdcc47a1e64196037c19e387162202e96ad2b"
  integrity sha1-89vcxHoeZBlgN8GeOHFiIC6WrSs=

"@tonaljs/duration-value@^4.6.2":
  version "4.6.2"
  resolved "https://martifactory.io/api/npm/virtual-npm/@tonaljs/duration-value/-/duration-value-4.6.2.tgz#f7d9b7c10cd035007dace88e04cd731915217083"
  integrity sha1-99m3wQzQNQB9rOiOBM1zGRUhcIM=

"@tonaljs/interval@^4.6.2":
  version "4.6.2"
  resolved "https://martifactory.io/api/npm/virtual-npm/@tonaljs/interval/-/interval-4.6.2.tgz#0338b98fd8b8c34d85f2093465d2fb0979c82a85"
  integrity sha1-Azi5j9i4w02F8gk0ZdL7CXnIKoU=
  dependencies:
    "@tonaljs/core" "^4.6.2"

"@tonaljs/key@^4.6.2":
  version "4.6.2"
  resolved "https://martifactory.io/api/npm/virtual-npm/@tonaljs/key/-/key-4.6.2.tgz#88eb118963371fc89925ddd98ca9dc9a1fb76f91"
  integrity sha1-iOsRiWM3H8iZJd3ZjKncmh+3b5E=
  dependencies:
    "@tonaljs/core" "^4.6.2"
    "@tonaljs/note" "^4.6.2"
    "@tonaljs/roman-numeral" "^4.6.2"

"@tonaljs/midi@^4.6.2":
  version "4.6.2"
  resolved "https://martifactory.io/api/npm/virtual-npm/@tonaljs/midi/-/midi-4.6.2.tgz#37d63924c911b77a6e1e07eabaef48e62c39e0d8"
  integrity sha1-N9Y5JMkRt3puHgfquu9I5iw54Ng=
  dependencies:
    "@tonaljs/core" "^4.6.2"

"@tonaljs/mode@^4.6.2":
  version "4.6.2"
  resolved "https://martifactory.io/api/npm/virtual-npm/@tonaljs/mode/-/mode-4.6.2.tgz#1974ce313fa7ef0a344fe27640c8278967001329"
  integrity sha1-GXTOMT+n7wo0T+J2QMgniWcAEyk=
  dependencies:
    "@tonaljs/collection" "^4.6.2"
    "@tonaljs/core" "^4.6.2"
    "@tonaljs/interval" "^4.6.2"
    "@tonaljs/pcset" "^4.6.2"

"@tonaljs/note@^4.6.2":
  version "4.6.2"
  resolved "https://martifactory.io/api/npm/virtual-npm/@tonaljs/note/-/note-4.6.2.tgz#4f78e232132d37e9d231d4ca01fa642ba8934a46"
  integrity sha1-T3jiMhMtN+nSMdTKAfpkK6iTSkY=
  dependencies:
    "@tonaljs/core" "^4.6.2"
    "@tonaljs/midi" "^4.6.2"

"@tonaljs/pcset@^4.6.2":
  version "4.6.2"
  resolved "https://martifactory.io/api/npm/virtual-npm/@tonaljs/pcset/-/pcset-4.6.2.tgz#a9e40eaffdeb632cfb1510295a39df0b9d25e11d"
  integrity sha1-qeQOr/3rYyz7FRApWjnfC50l4R0=
  dependencies:
    "@tonaljs/collection" "^4.6.2"
    "@tonaljs/core" "^4.6.2"

"@tonaljs/progression@^4.6.2":
  version "4.6.2"
  resolved "https://martifactory.io/api/npm/virtual-npm/@tonaljs/progression/-/progression-4.6.2.tgz#283189deb4508b45650630d5be06213e768fa438"
  integrity sha1-KDGJ3rRQi0VlBjDVvgYhPnaPpDg=
  dependencies:
    "@tonaljs/chord" "^4.6.2"
    "@tonaljs/core" "^4.6.2"
    "@tonaljs/roman-numeral" "^4.6.2"

"@tonaljs/range@^4.6.2":
  version "4.6.2"
  resolved "https://martifactory.io/api/npm/virtual-npm/@tonaljs/range/-/range-4.6.2.tgz#7012626bdf38376c4070f5fd039e45ea58835cc7"
  integrity sha1-cBJia984N2xAcPX9A55F6liDXMc=
  dependencies:
    "@tonaljs/collection" "^4.6.2"
    "@tonaljs/midi" "^4.6.2"

"@tonaljs/roman-numeral@^4.6.2":
  version "4.6.2"
  resolved "https://martifactory.io/api/npm/virtual-npm/@tonaljs/roman-numeral/-/roman-numeral-4.6.2.tgz#502bd17ecbb0d68b975862a5ee4ab899b4c01669"
  integrity sha1-UCvRfsuw1ouXWGKl7kq4mbTAFmk=
  dependencies:
    "@tonaljs/core" "^4.6.2"

"@tonaljs/scale-type@^4.6.2":
  version "4.6.2"
  resolved "https://martifactory.io/api/npm/virtual-npm/@tonaljs/scale-type/-/scale-type-4.6.2.tgz#1c13fd51071a4918523044fcfc0082b99e7a565e"
  integrity sha1-HBP9UQcaSRhSMET8/ACCuZ56Vl4=
  dependencies:
    "@tonaljs/core" "^4.6.2"
    "@tonaljs/pcset" "^4.6.2"

"@tonaljs/scale@^4.6.2":
  version "4.6.2"
  resolved "https://martifactory.io/api/npm/virtual-npm/@tonaljs/scale/-/scale-4.6.2.tgz#06efd222b79b0d7f2e2c8782f3cbf01f695aa14c"
  integrity sha1-Bu/SIrebDX8uLIeC88vwH2laoUw=
  dependencies:
    "@tonaljs/chord-type" "^4.6.2"
    "@tonaljs/collection" "^4.6.2"
    "@tonaljs/core" "^4.6.2"
    "@tonaljs/note" "^4.6.2"
    "@tonaljs/pcset" "^4.6.2"
    "@tonaljs/scale-type" "^4.6.2"

"@tonaljs/time-signature@^4.6.2":
  version "4.6.2"
  resolved "https://martifactory.io/api/npm/virtual-npm/@tonaljs/time-signature/-/time-signature-4.6.2.tgz#be0808363c61863a9b844c35c121952f49987eef"
  integrity sha1-vggINjxhhjqbhEw1wSGVL0mYfu8=

"@tonaljs/tonal@^4.6.2":
  version "4.6.2"
  resolved "https://martifactory.io/api/npm/virtual-npm/@tonaljs/tonal/-/tonal-4.6.2.tgz#8a166399d8e18908d1d2b2973b2e10051904be0f"
  integrity sha1-ihZjmdjhiQjR0rKXOy4QBRkEvg8=
  dependencies:
    "@tonaljs/abc-notation" "^4.6.2"
    "@tonaljs/array" "^4.6.2"
    "@tonaljs/chord" "^4.6.2"
    "@tonaljs/chord-type" "^4.6.2"
    "@tonaljs/collection" "^4.6.2"
    "@tonaljs/core" "^4.6.2"
    "@tonaljs/duration-value" "^4.6.2"
    "@tonaljs/interval" "^4.6.2"
    "@tonaljs/key" "^4.6.2"
    "@tonaljs/midi" "^4.6.2"
    "@tonaljs/mode" "^4.6.2"
    "@tonaljs/note" "^4.6.2"
    "@tonaljs/pcset" "^4.6.2"
    "@tonaljs/progression" "^4.6.2"
    "@tonaljs/range" "^4.6.2"
    "@tonaljs/roman-numeral" "^4.6.2"
    "@tonaljs/scale" "^4.6.2"
    "@tonaljs/scale-type" "^4.6.2"
    "@tonaljs/time-signature" "^4.6.2"

color-convert@^2.0.1:
  version "2.0.1"
  resolved "https://martifactory.io/api/npm/virtual-npm/color-convert/-/color-convert-2.0.1.tgz#72d3a68d598c9bdb3af2ad1e84f21d896abd4de3"
  integrity sha1-ctOmjVmMm9s68q0ehPIdiWq9TeM=
  dependencies:
    color-name "~1.1.4"

color-name@^1.0.0, color-name@~1.1.4:
  version "1.1.4"
  resolved "https://martifactory.io/api/npm/virtual-npm/color-name/-/color-name-1.1.4.tgz#c2a09a87acbde69543de6f63fa3995c826c536a2"
  integrity sha1-wqCah6y95pVD3m9j+jmVyCbFNqI=

color-string@^1.6.0:
  version "1.6.0"
  resolved "https://martifactory.io/api/npm/virtual-npm/color-string/-/color-string-1.6.0.tgz#c3915f61fe267672cb7e1e064c9d692219f6c312"
  integrity sha1-w5FfYf4mdnLLfh4GTJ1pIhn2wxI=
  dependencies:
    color-name "^1.0.0"
    simple-swizzle "^0.2.2"

color@^4.0.0:
  version "4.0.0"
  resolved "https://martifactory.io/api/npm/virtual-npm/color/-/color-4.0.0.tgz#7f0c89d3fcf04c45e20c81c7c24cd73314acac1f"
  integrity sha1-fwyJ0/zwTEXiDIHHwkzXMxSsrB8=
  dependencies:
    color-convert "^2.0.1"
    color-string "^1.6.0"

is-arrayish@^0.3.1:
  version "0.3.2"
  resolved "https://martifactory.io/api/npm/virtual-npm/is-arrayish/-/is-arrayish-0.3.2.tgz#4574a2ae56f7ab206896fb431eaeed066fdf8f03"
  integrity sha1-RXSirlb3qyBolvtDHq7tBm/fjwM=

simple-swizzle@^0.2.2:
  version "0.2.2"
  resolved "https://martifactory.io/api/npm/virtual-npm/simple-swizzle/-/simple-swizzle-0.2.2.tgz#a4da6b635ffcccca33f70d17cb92592de95e557a"
  integrity sha1-pNprY1/8zMoz9w0Xy5JZLeleVXo=
  dependencies:
    is-arrayish "^0.3.1"
